// !$*UTF8*$!
{
	archiveVersion = 1;
	classes = {
	};
	objectVersion = 46;
	objects = {

/* Begin PBXBuildFile section */
		1DE4FD42632A71805C1C8B78 /* libPods.a in Frameworks */ = {isa = PBXBuildFile; fileRef = E17A4A3759591FC8D8F7A3AC /* libPods.a */; };
		7A2D16191AF9B92D00B400BD /* Main.storyboard in Resources */ = {isa = PBXBuildFile; fileRef = 7A2D16171AF9B92D00B400BD /* Main.storyboard */; };
		7A2D161B1AF9B92D00B400BD /* Images.xcassets in Resources */ = {isa = PBXBuildFile; fileRef = 7A2D161A1AF9B92D00B400BD /* Images.xcassets */; };
		7A2D161E1AF9B92D00B400BD /* LaunchScreen.xib in Resources */ = {isa = PBXBuildFile; fileRef = 7A2D161C1AF9B92D00B400BD /* LaunchScreen.xib */; };
		7A2D162A1AF9B92D00B400BD /* Army_of_OnesTests.swift in Sources */ = {isa = PBXBuildFile; fileRef = 7A2D16291AF9B92D00B400BD /* Army_of_OnesTests.swift */; };
		7A2D16371AF9C00600B400BD /* AppDelegate.swift in Sources */ = {isa = PBXBuildFile; fileRef = 7A2D16361AF9C00600B400BD /* AppDelegate.swift */; };
		7A2D163B1AF9C35400B400BD /* APIManager.swift in Sources */ = {isa = PBXBuildFile; fileRef = 7A2D163A1AF9C35400B400BD /* APIManager.swift */; };
		7A2D16401AF9C7F500B400BD /* MenuView.swift in Sources */ = {isa = PBXBuildFile; fileRef = 7A2D163F1AF9C7F500B400BD /* MenuView.swift */; };
		7A2D16441AF9C84A00B400BD /* GenericView.swift in Sources */ = {isa = PBXBuildFile; fileRef = 7A2D16431AF9C84A00B400BD /* GenericView.swift */; };
		7A842A881AFBEE9600F25769 /* CurrencyTransactions.swift in Sources */ = {isa = PBXBuildFile; fileRef = 7A842A871AFBEE9600F25769 /* CurrencyTransactions.swift */; };
		7AC3F8251AFA7229004A8BCA /* SwiftyJSON.swift in Sources */ = {isa = PBXBuildFile; fileRef = 7AC3F8241AFA7229004A8BCA /* SwiftyJSON.swift */; };
		7AC3F8281AFA8870004A8BCA /* NavigationController.swift in Sources */ = {isa = PBXBuildFile; fileRef = 7AC3F8271AFA8870004A8BCA /* NavigationController.swift */; };
		7AC3F82B1AFAFDF4004A8BCA /* Value.swift in Sources */ = {isa = PBXBuildFile; fileRef = 7AC3F82A1AFAFDF4004A8BCA /* Value.swift */; };
		7AC3F83A1AFB05FB004A8BCA /* JPY.png in Resources */ = {isa = PBXBuildFile; fileRef = 7AC3F82E1AFB05FB004A8BCA /* JPY.png */; };
		7AC3F83B1AFB05FB004A8BCA /* JPY@2x.png in Resources */ = {isa = PBXBuildFile; fileRef = 7AC3F82F1AFB05FB004A8BCA /* JPY@2x.png */; };
		7AC3F83D1AFB05FB004A8BCA /* EUR@2x.png in Resources */ = {isa = PBXBuildFile; fileRef = 7AC3F8311AFB05FB004A8BCA /* EUR@2x.png */; };
		7AC3F8401AFB05FB004A8BCA /* GBP.png in Resources */ = {isa = PBXBuildFile; fileRef = 7AC3F8341AFB05FB004A8BCA /* GBP.png */; };
		7AC3F8411AFB05FB004A8BCA /* GBP@2x.png in Resources */ = {isa = PBXBuildFile; fileRef = 7AC3F8351AFB05FB004A8BCA /* GBP@2x.png */; };
		7AC3F8431AFB05FB004A8BCA /* BRL.png in Resources */ = {isa = PBXBuildFile; fileRef = 7AC3F8371AFB05FB004A8BCA /* BRL.png */; };
		7AC3F8441AFB05FB004A8BCA /* BRL@2x.png in Resources */ = {isa = PBXBuildFile; fileRef = 7AC3F8381AFB05FB004A8BCA /* BRL@2x.png */; };
		7AC3F8471AFB2484004A8BCA /* EUR.png in Resources */ = {isa = PBXBuildFile; fileRef = 7AC3F8461AFB2484004A8BCA /* EUR.png */; };
/* End PBXBuildFile section */

/* Begin PBXContainerItemProxy section */
		7A2D16241AF9B92D00B400BD /* PBXContainerItemProxy */ = {
			isa = PBXContainerItemProxy;
			containerPortal = 7A2D16061AF9B92D00B400BD /* Project object */;
			proxyType = 1;
			remoteGlobalIDString = 7A2D160D1AF9B92D00B400BD;
			remoteInfo = "Army of Ones";
		};
/* End PBXContainerItemProxy section */

/* Begin PBXFileReference section */
		4AA79EBDB109226CA8E930D9 /* Pods.debug.xcconfig */ = {isa = PBXFileReference; includeInIndex = 1; lastKnownFileType = text.xcconfig; name = Pods.debug.xcconfig; path = "Pods/Target Support Files/Pods/Pods.debug.xcconfig"; sourceTree = "<group>"; };
		7A2D160E1AF9B92D00B400BD /* Army of Ones.app */ = {isa = PBXFileReference; explicitFileType = wrapper.application; includeInIndex = 0; path = "Army of Ones.app"; sourceTree = BUILT_PRODUCTS_DIR; };
		7A2D16121AF9B92D00B400BD /* Info.plist */ = {isa = PBXFileReference; lastKnownFileType = text.plist.xml; path = Info.plist; sourceTree = "<group>"; };
		7A2D16181AF9B92D00B400BD /* Base */ = {isa = PBXFileReference; lastKnownFileType = file.storyboard; name = Base; path = Base.lproj/Main.storyboard; sourceTree = "<group>"; };
		7A2D161A1AF9B92D00B400BD /* Images.xcassets */ = {isa = PBXFileReference; lastKnownFileType = folder.assetcatalog; path = Images.xcassets; sourceTree = "<group>"; };
		7A2D161D1AF9B92D00B400BD /* Base */ = {isa = PBXFileReference; lastKnownFileType = file.xib; name = Base; path = Base.lproj/LaunchScreen.xib; sourceTree = "<group>"; };
		7A2D16231AF9B92D00B400BD /* Army of OnesTests.xctest */ = {isa = PBXFileReference; explicitFileType = wrapper.cfbundle; includeInIndex = 0; path = "Army of OnesTests.xctest"; sourceTree = BUILT_PRODUCTS_DIR; };
		7A2D16281AF9B92D00B400BD /* Info.plist */ = {isa = PBXFileReference; lastKnownFileType = text.plist.xml; path = Info.plist; sourceTree = "<group>"; };
		7A2D16291AF9B92D00B400BD /* Army_of_OnesTests.swift */ = {isa = PBXFileReference; lastKnownFileType = sourcecode.swift; path = Army_of_OnesTests.swift; sourceTree = "<group>"; };
		7A2D16361AF9C00600B400BD /* AppDelegate.swift */ = {isa = PBXFileReference; fileEncoding = 4; lastKnownFileType = sourcecode.swift; name = AppDelegate.swift; path = src/App/AppDelegate.swift; sourceTree = "<group>"; };
		7A2D163A1AF9C35400B400BD /* APIManager.swift */ = {isa = PBXFileReference; fileEncoding = 4; lastKnownFileType = sourcecode.swift; name = APIManager.swift; path = src/Helpers/API/APIManager.swift; sourceTree = "<group>"; };
		7A2D163C1AF9C38600B400BD /* Army of Ones-Bridging-Header.h */ = {isa = PBXFileReference; lastKnownFileType = sourcecode.c.h; path = "Army of Ones-Bridging-Header.h"; sourceTree = "<group>"; };
		7A2D163F1AF9C7F500B400BD /* MenuView.swift */ = {isa = PBXFileReference; fileEncoding = 4; lastKnownFileType = sourcecode.swift; name = MenuView.swift; path = src/Views/MenuView.swift; sourceTree = "<group>"; };
		7A2D16431AF9C84A00B400BD /* GenericView.swift */ = {isa = PBXFileReference; fileEncoding = 4; lastKnownFileType = sourcecode.swift; name = GenericView.swift; path = src/Views/GenericView.swift; sourceTree = "<group>"; };
		7A842A871AFBEE9600F25769 /* CurrencyTransactions.swift */ = {isa = PBXFileReference; fileEncoding = 4; lastKnownFileType = sourcecode.swift; name = CurrencyTransactions.swift; path = src/Component/CurrencyTransactions.swift; sourceTree = "<group>"; };
		7AC3F8181AFA7088004A8BCA /* SwiftTryCatch.framework */ = {isa = PBXFileReference; lastKnownFileType = wrapper.framework; name = SwiftTryCatch.framework; path = "Pods/../build/Debug-iphoneos/Pods/SwiftTryCatch.framework"; sourceTree = "<group>"; };
		7AC3F8191AFA7088004A8BCA /* SwiftyJSON.framework */ = {isa = PBXFileReference; lastKnownFileType = wrapper.framework; name = SwiftyJSON.framework; path = "Pods/../build/Debug-iphoneos/Pods/SwiftyJSON.framework"; sourceTree = "<group>"; };
		7AC3F81C1AFA7090004A8BCA /* pop.framework */ = {isa = PBXFileReference; lastKnownFileType = wrapper.framework; name = pop.framework; path = "Pods/../build/Debug-iphoneos/Pods/pop.framework"; sourceTree = "<group>"; };
		7AC3F81E1AFA7098004A8BCA /* AFNetworking.framework */ = {isa = PBXFileReference; lastKnownFileType = wrapper.framework; name = AFNetworking.framework; path = "Pods/../build/Debug-iphoneos/Pods/AFNetworking.framework"; sourceTree = "<group>"; };
		7AC3F81F1AFA7098004A8BCA /* Canvas.framework */ = {isa = PBXFileReference; lastKnownFileType = wrapper.framework; name = Canvas.framework; path = "Pods/../build/Debug-iphoneos/Pods/Canvas.framework"; sourceTree = "<group>"; };
		7AC3F8221AFA714F004A8BCA /* AFNetworking.framework */ = {isa = PBXFileReference; lastKnownFileType = wrapper.framework; name = AFNetworking.framework; path = "Pods/../build/Debug-iphoneos/Pods/AFNetworking.framework"; sourceTree = "<group>"; };
		7AC3F8241AFA7229004A8BCA /* SwiftyJSON.swift */ = {isa = PBXFileReference; fileEncoding = 4; lastKnownFileType = sourcecode.swift; name = SwiftyJSON.swift; path = src/Helpers/API/SwiftyJSON.swift; sourceTree = "<group>"; };
		7AC3F8271AFA8870004A8BCA /* NavigationController.swift */ = {isa = PBXFileReference; fileEncoding = 4; lastKnownFileType = sourcecode.swift; name = NavigationController.swift; path = src/Views/NavigationController.swift; sourceTree = "<group>"; };
		7AC3F82A1AFAFDF4004A8BCA /* Value.swift */ = {isa = PBXFileReference; fileEncoding = 4; lastKnownFileType = sourcecode.swift; name = Value.swift; path = src/Component/Value.swift; sourceTree = "<group>"; };
		7AC3F82E1AFB05FB004A8BCA /* JPY.png */ = {isa = PBXFileReference; lastKnownFileType = image.png; name = JPY.png; path = Assets/imgs/JPY.png; sourceTree = "<group>"; };
		7AC3F82F1AFB05FB004A8BCA /* JPY@2x.png */ = {isa = PBXFileReference; lastKnownFileType = image.png; name = "JPY@2x.png"; path = "Assets/imgs/JPY@2x.png"; sourceTree = "<group>"; };
		7AC3F8311AFB05FB004A8BCA /* EUR@2x.png */ = {isa = PBXFileReference; lastKnownFileType = image.png; name = "EUR@2x.png"; path = "Assets/imgs/EUR@2x.png"; sourceTree = "<group>"; };
		7AC3F8341AFB05FB004A8BCA /* GBP.png */ = {isa = PBXFileReference; lastKnownFileType = image.png; name = GBP.png; path = Assets/imgs/GBP.png; sourceTree = "<group>"; };
		7AC3F8351AFB05FB004A8BCA /* GBP@2x.png */ = {isa = PBXFileReference; lastKnownFileType = image.png; name = "GBP@2x.png"; path = "Assets/imgs/GBP@2x.png"; sourceTree = "<group>"; };
		7AC3F8371AFB05FB004A8BCA /* BRL.png */ = {isa = PBXFileReference; lastKnownFileType = image.png; name = BRL.png; path = Assets/imgs/BRL.png; sourceTree = "<group>"; };
		7AC3F8381AFB05FB004A8BCA /* BRL@2x.png */ = {isa = PBXFileReference; lastKnownFileType = image.png; name = "BRL@2x.png"; path = "Assets/imgs/BRL@2x.png"; sourceTree = "<group>"; };
		7AC3F8461AFB2484004A8BCA /* EUR.png */ = {isa = PBXFileReference; lastKnownFileType = image.png; name = EUR.png; path = Assets/imgs/EUR.png; sourceTree = "<group>"; };
		C15B81D14862D1E509557616 /* Pods.release.xcconfig */ = {isa = PBXFileReference; includeInIndex = 1; lastKnownFileType = text.xcconfig; name = Pods.release.xcconfig; path = "Pods/Target Support Files/Pods/Pods.release.xcconfig"; sourceTree = "<group>"; };
		E17A4A3759591FC8D8F7A3AC /* libPods.a */ = {isa = PBXFileReference; explicitFileType = archive.ar; includeInIndex = 0; path = libPods.a; sourceTree = BUILT_PRODUCTS_DIR; };
/* End PBXFileReference section */

/* Begin PBXFrameworksBuildPhase section */
		7A2D160B1AF9B92D00B400BD /* Frameworks */ = {
			isa = PBXFrameworksBuildPhase;
			buildActionMask = 2147483647;
			files = (
				1DE4FD42632A71805C1C8B78 /* libPods.a in Frameworks */,
			);
			runOnlyForDeploymentPostprocessing = 0;
		};
		7A2D16201AF9B92D00B400BD /* Frameworks */ = {
			isa = PBXFrameworksBuildPhase;
			buildActionMask = 2147483647;
			files = (
			);
			runOnlyForDeploymentPostprocessing = 0;
		};
/* End PBXFrameworksBuildPhase section */

/* Begin PBXGroup section */
		7A2D16051AF9B92D00B400BD = {
			isa = PBXGroup;
			children = (
				7A2D16101AF9B92D00B400BD /* Army of Ones */,
				7A2D16261AF9B92D00B400BD /* Army of OnesTests */,
				7A2D160F1AF9B92D00B400BD /* Products */,
				F854546FBF04D2D2231ADF1A /* Pods */,
				7B1AF69DDD11DE25E9A48761 /* Frameworks */,
			);
			sourceTree = "<group>";
		};
		7A2D160F1AF9B92D00B400BD /* Products */ = {
			isa = PBXGroup;
			children = (
				7A2D160E1AF9B92D00B400BD /* Army of Ones.app */,
				7A2D16231AF9B92D00B400BD /* Army of OnesTests.xctest */,
			);
			name = Products;
			sourceTree = "<group>";
		};
		7A2D16101AF9B92D00B400BD /* Army of Ones */ = {
			isa = PBXGroup;
			children = (
				7AC3F82C1AFB0143004A8BCA /* Assets */,
				7A2D16331AF9BFE800B400BD /* src */,
				7A2D161A1AF9B92D00B400BD /* Images.xcassets */,
				7A2D16171AF9B92D00B400BD /* Main.storyboard */,
				7A2D161C1AF9B92D00B400BD /* LaunchScreen.xib */,
				7A2D16111AF9B92D00B400BD /* Supporting Files */,
			);
			path = "Army of Ones";
			sourceTree = "<group>";
		};
		7A2D16111AF9B92D00B400BD /* Supporting Files */ = {
			isa = PBXGroup;
			children = (
				7A2D16121AF9B92D00B400BD /* Info.plist */,
			);
			name = "Supporting Files";
			sourceTree = "<group>";
		};
		7A2D16261AF9B92D00B400BD /* Army of OnesTests */ = {
			isa = PBXGroup;
			children = (
				7A2D16291AF9B92D00B400BD /* Army_of_OnesTests.swift */,
				7A2D16271AF9B92D00B400BD /* Supporting Files */,
			);
			path = "Army of OnesTests";
			sourceTree = "<group>";
		};
		7A2D16271AF9B92D00B400BD /* Supporting Files */ = {
			isa = PBXGroup;
			children = (
				7A2D16281AF9B92D00B400BD /* Info.plist */,
			);
			name = "Supporting Files";
			sourceTree = "<group>";
		};
		7A2D16331AF9BFE800B400BD /* src */ = {
			isa = PBXGroup;
			children = (
				7AC3F8291AFAFDA6004A8BCA /* Component */,
				7A2D16341AF9BFEE00B400BD /* Views */,
				7A2D16381AF9C32600B400BD /* Helpers */,
				7A2D16351AF9BFF600B400BD /* app */,
			);
			name = src;
			sourceTree = "<group>";
		};
		7A2D16341AF9BFEE00B400BD /* Views */ = {
			isa = PBXGroup;
			children = (
				7A2D163F1AF9C7F500B400BD /* MenuView.swift */,
				7A2D16431AF9C84A00B400BD /* GenericView.swift */,
				7AC3F8271AFA8870004A8BCA /* NavigationController.swift */,
			);
			name = Views;
			sourceTree = "<group>";
		};
		7A2D16351AF9BFF600B400BD /* app */ = {
			isa = PBXGroup;
			children = (
				7A2D16361AF9C00600B400BD /* AppDelegate.swift */,
				7A2D163C1AF9C38600B400BD /* Army of Ones-Bridging-Header.h */,
			);
			name = app;
			sourceTree = "<group>";
		};
		7A2D16381AF9C32600B400BD /* Helpers */ = {
			isa = PBXGroup;
			children = (
				7A2D16391AF9C34A00B400BD /* API */,
			);
			name = Helpers;
			sourceTree = "<group>";
		};
		7A2D16391AF9C34A00B400BD /* API */ = {
			isa = PBXGroup;
			children = (
				7AC3F8241AFA7229004A8BCA /* SwiftyJSON.swift */,
				7A2D163A1AF9C35400B400BD /* APIManager.swift */,
			);
			name = API;
			sourceTree = "<group>";
		};
		7AC3F8291AFAFDA6004A8BCA /* Component */ = {
			isa = PBXGroup;
			children = (
				7A842A871AFBEE9600F25769 /* CurrencyTransactions.swift */,
				7AC3F82A1AFAFDF4004A8BCA /* Value.swift */,
			);
			name = Component;
			sourceTree = "<group>";
		};
		7AC3F82C1AFB0143004A8BCA /* Assets */ = {
			isa = PBXGroup;
			children = (
				7AC3F82D1AFB0149004A8BCA /* imgs */,
			);
			name = Assets;
			sourceTree = "<group>";
		};
		7AC3F82D1AFB0149004A8BCA /* imgs */ = {
			isa = PBXGroup;
			children = (
				7AC3F8461AFB2484004A8BCA /* EUR.png */,
				7AC3F82E1AFB05FB004A8BCA /* JPY.png */,
				7AC3F82F1AFB05FB004A8BCA /* JPY@2x.png */,
				7AC3F8311AFB05FB004A8BCA /* EUR@2x.png */,
				7AC3F8341AFB05FB004A8BCA /* GBP.png */,
				7AC3F8351AFB05FB004A8BCA /* GBP@2x.png */,
				7AC3F8371AFB05FB004A8BCA /* BRL.png */,
				7AC3F8381AFB05FB004A8BCA /* BRL@2x.png */,
			);
			name = imgs;
			sourceTree = "<group>";
		};
		7B1AF69DDD11DE25E9A48761 /* Frameworks */ = {
			isa = PBXGroup;
			children = (
				7AC3F8221AFA714F004A8BCA /* AFNetworking.framework */,
				7AC3F81E1AFA7098004A8BCA /* AFNetworking.framework */,
				7AC3F81F1AFA7098004A8BCA /* Canvas.framework */,
				7AC3F81C1AFA7090004A8BCA /* pop.framework */,
				7AC3F8181AFA7088004A8BCA /* SwiftTryCatch.framework */,
				7AC3F8191AFA7088004A8BCA /* SwiftyJSON.framework */,
				E17A4A3759591FC8D8F7A3AC /* libPods.a */,
			);
			name = Frameworks;
			sourceTree = "<group>";
		};
		F854546FBF04D2D2231ADF1A /* Pods */ = {
			isa = PBXGroup;
			children = (
				4AA79EBDB109226CA8E930D9 /* Pods.debug.xcconfig */,
				C15B81D14862D1E509557616 /* Pods.release.xcconfig */,
			);
			name = Pods;
			sourceTree = "<group>";
		};
/* End PBXGroup section */

/* Begin PBXNativeTarget section */
		7A2D160D1AF9B92D00B400BD /* Army of Ones */ = {
			isa = PBXNativeTarget;
			buildConfigurationList = 7A2D162D1AF9B92D00B400BD /* Build configuration list for PBXNativeTarget "Army of Ones" */;
			buildPhases = (
				44B4D249094E4297CFF3F715 /* Check Pods Manifest.lock */,
				7A2D160A1AF9B92D00B400BD /* Sources */,
				7A2D160B1AF9B92D00B400BD /* Frameworks */,
				7A2D160C1AF9B92D00B400BD /* Resources */,
				B6AB5DDC89CD5B80E96BFAA3 /* Copy Pods Resources */,
			);
			buildRules = (
			);
			dependencies = (
			);
			name = "Army of Ones";
			productName = "Army of Ones";
			productReference = 7A2D160E1AF9B92D00B400BD /* Army of Ones.app */;
			productType = "com.apple.product-type.application";
		};
		7A2D16221AF9B92D00B400BD /* Army of OnesTests */ = {
			isa = PBXNativeTarget;
			buildConfigurationList = 7A2D16301AF9B92D00B400BD /* Build configuration list for PBXNativeTarget "Army of OnesTests" */;
			buildPhases = (
				7A2D161F1AF9B92D00B400BD /* Sources */,
				7A2D16201AF9B92D00B400BD /* Frameworks */,
				7A2D16211AF9B92D00B400BD /* Resources */,
			);
			buildRules = (
			);
			dependencies = (
				7A2D16251AF9B92D00B400BD /* PBXTargetDependency */,
			);
			name = "Army of OnesTests";
			productName = "Army of OnesTests";
			productReference = 7A2D16231AF9B92D00B400BD /* Army of OnesTests.xctest */;
			productType = "com.apple.product-type.bundle.unit-test";
		};
/* End PBXNativeTarget section */

/* Begin PBXProject section */
		7A2D16061AF9B92D00B400BD /* Project object */ = {
			isa = PBXProject;
			attributes = {
				LastUpgradeCheck = 0630;
				ORGANIZATIONNAME = "Jorge R Ovalle Z";
				TargetAttributes = {
					7A2D160D1AF9B92D00B400BD = {
						CreatedOnToolsVersion = 6.3;
					};
					7A2D16221AF9B92D00B400BD = {
						CreatedOnToolsVersion = 6.3;
						TestTargetID = 7A2D160D1AF9B92D00B400BD;
					};
				};
			};
			buildConfigurationList = 7A2D16091AF9B92D00B400BD /* Build configuration list for PBXProject "Army of Ones" */;
			compatibilityVersion = "Xcode 3.2";
			developmentRegion = English;
			hasScannedForEncodings = 0;
			knownRegions = (
				en,
				Base,
			);
			mainGroup = 7A2D16051AF9B92D00B400BD;
			productRefGroup = 7A2D160F1AF9B92D00B400BD /* Products */;
			projectDirPath = "";
			projectRoot = "";
			targets = (
				7A2D160D1AF9B92D00B400BD /* Army of Ones */,
				7A2D16221AF9B92D00B400BD /* Army of OnesTests */,
			);
		};
/* End PBXProject section */

/* Begin PBXResourcesBuildPhase section */
		7A2D160C1AF9B92D00B400BD /* Resources */ = {
			isa = PBXResourcesBuildPhase;
			buildActionMask = 2147483647;
			files = (
				7AC3F83B1AFB05FB004A8BCA /* JPY@2x.png in Resources */,
				7A2D16191AF9B92D00B400BD /* Main.storyboard in Resources */,
				7AC3F83A1AFB05FB004A8BCA /* JPY.png in Resources */,
				7A2D161E1AF9B92D00B400BD /* LaunchScreen.xib in Resources */,
				7AC3F8431AFB05FB004A8BCA /* BRL.png in Resources */,
				7AC3F8441AFB05FB004A8BCA /* BRL@2x.png in Resources */,
				7AC3F8401AFB05FB004A8BCA /* GBP.png in Resources */,
				7A2D161B1AF9B92D00B400BD /* Images.xcassets in Resources */,
				7AC3F83D1AFB05FB004A8BCA /* EUR@2x.png in Resources */,
				7AC3F8411AFB05FB004A8BCA /* GBP@2x.png in Resources */,
				7AC3F8471AFB2484004A8BCA /* EUR.png in Resources */,
			);
			runOnlyForDeploymentPostprocessing = 0;
		};
		7A2D16211AF9B92D00B400BD /* Resources */ = {
			isa = PBXResourcesBuildPhase;
			buildActionMask = 2147483647;
			files = (
			);
			runOnlyForDeploymentPostprocessing = 0;
		};
/* End PBXResourcesBuildPhase section */

/* Begin PBXShellScriptBuildPhase section */
		44B4D249094E4297CFF3F715 /* Check Pods Manifest.lock */ = {
			isa = PBXShellScriptBuildPhase;
			buildActionMask = 2147483647;
			files = (
			);
			inputPaths = (
			);
			name = "Check Pods Manifest.lock";
			outputPaths = (
			);
			runOnlyForDeploymentPostprocessing = 0;
			shellPath = /bin/sh;
			shellScript = "diff \"${PODS_ROOT}/../Podfile.lock\" \"${PODS_ROOT}/Manifest.lock\" > /dev/null\nif [[ $? != 0 ]] ; then\n    cat << EOM\nerror: The sandbox is not in sync with the Podfile.lock. Run 'pod install' or update your CocoaPods installation.\nEOM\n    exit 1\nfi\n";
			showEnvVarsInLog = 0;
		};
		B6AB5DDC89CD5B80E96BFAA3 /* Copy Pods Resources */ = {
			isa = PBXShellScriptBuildPhase;
			buildActionMask = 2147483647;
			files = (
			);
			inputPaths = (
			);
			name = "Copy Pods Resources";
			outputPaths = (
			);
			runOnlyForDeploymentPostprocessing = 0;
			shellPath = /bin/sh;
			shellScript = "\"${SRCROOT}/Pods/Target Support Files/Pods/Pods-resources.sh\"\n";
			showEnvVarsInLog = 0;
		};
/* End PBXShellScriptBuildPhase section */

/* Begin PBXSourcesBuildPhase section */
		7A2D160A1AF9B92D00B400BD /* Sources */ = {
			isa = PBXSourcesBuildPhase;
			buildActionMask = 2147483647;
			files = (
				7A2D163B1AF9C35400B400BD /* APIManager.swift in Sources */,
				7A842A881AFBEE9600F25769 /* CurrencyTransactions.swift in Sources */,
				7A2D16441AF9C84A00B400BD /* GenericView.swift in Sources */,
				7A2D16401AF9C7F500B400BD /* MenuView.swift in Sources */,
				7AC3F82B1AFAFDF4004A8BCA /* Value.swift in Sources */,
				7AC3F8251AFA7229004A8BCA /* SwiftyJSON.swift in Sources */,
				7A2D16371AF9C00600B400BD /* AppDelegate.swift in Sources */,
				7AC3F8281AFA8870004A8BCA /* NavigationController.swift in Sources */,
			);
			runOnlyForDeploymentPostprocessing = 0;
		};
		7A2D161F1AF9B92D00B400BD /* Sources */ = {
			isa = PBXSourcesBuildPhase;
			buildActionMask = 2147483647;
			files = (
				7A2D162A1AF9B92D00B400BD /* Army_of_OnesTests.swift in Sources */,
			);
			runOnlyForDeploymentPostprocessing = 0;
		};
/* End PBXSourcesBuildPhase section */

/* Begin PBXTargetDependency section */
		7A2D16251AF9B92D00B400BD /* PBXTargetDependency */ = {
			isa = PBXTargetDependency;
			target = 7A2D160D1AF9B92D00B400BD /* Army of Ones */;
			targetProxy = 7A2D16241AF9B92D00B400BD /* PBXContainerItemProxy */;
		};
/* End PBXTargetDependency section */

/* Begin PBXVariantGroup section */
		7A2D16171AF9B92D00B400BD /* Main.storyboard */ = {
			isa = PBXVariantGroup;
			children = (
				7A2D16181AF9B92D00B400BD /* Base */,
			);
			name = Main.storyboard;
			sourceTree = "<group>";
		};
		7A2D161C1AF9B92D00B400BD /* LaunchScreen.xib */ = {
			isa = PBXVariantGroup;
			children = (
				7A2D161D1AF9B92D00B400BD /* Base */,
			);
			name = LaunchScreen.xib;
			sourceTree = "<group>";
		};
/* End PBXVariantGroup section */

/* Begin XCBuildConfiguration section */
		7A2D162B1AF9B92D00B400BD /* Debug */ = {
			isa = XCBuildConfiguration;
			buildSettings = {
				ALWAYS_SEARCH_USER_PATHS = NO;
				CLANG_CXX_LANGUAGE_STANDARD = "gnu++0x";
				CLANG_CXX_LIBRARY = "libc++";
				CLANG_ENABLE_MODULES = YES;
				CLANG_ENABLE_OBJC_ARC = YES;
				CLANG_WARN_BOOL_CONVERSION = YES;
				CLANG_WARN_CONSTANT_CONVERSION = YES;
				CLANG_WARN_DIRECT_OBJC_ISA_USAGE = YES_ERROR;
				CLANG_WARN_EMPTY_BODY = YES;
				CLANG_WARN_ENUM_CONVERSION = YES;
				CLANG_WARN_INT_CONVERSION = YES;
				CLANG_WARN_OBJC_ROOT_CLASS = YES_ERROR;
				CLANG_WARN_UNREACHABLE_CODE = YES;
				CLANG_WARN__DUPLICATE_METHOD_MATCH = YES;
				"CODE_SIGN_IDENTITY[sdk=iphoneos*]" = "iPhone Developer";
				COPY_PHASE_STRIP = NO;
				DEBUG_INFORMATION_FORMAT = "dwarf-with-dsym";
				ENABLE_STRICT_OBJC_MSGSEND = YES;
				GCC_C_LANGUAGE_STANDARD = gnu99;
				GCC_DYNAMIC_NO_PIC = NO;
				GCC_NO_COMMON_BLOCKS = YES;
				GCC_OPTIMIZATION_LEVEL = 0;
				GCC_PREPROCESSOR_DEFINITIONS = (
					"DEBUG=1",
					"$(inherited)",
				);
				GCC_SYMBOLS_PRIVATE_EXTERN = NO;
				GCC_WARN_64_TO_32_BIT_CONVERSION = YES;
				GCC_WARN_ABOUT_RETURN_TYPE = YES_ERROR;
				GCC_WARN_UNDECLARED_SELECTOR = YES;
				GCC_WARN_UNINITIALIZED_AUTOS = YES_AGGRESSIVE;
				GCC_WARN_UNUSED_FUNCTION = YES;
				GCC_WARN_UNUSED_VARIABLE = YES;
				IPHONEOS_DEPLOYMENT_TARGET = 8.3;
				MTL_ENABLE_DEBUG_INFO = YES;
				ONLY_ACTIVE_ARCH = YES;
				SDKROOT = iphoneos;
				SWIFT_OPTIMIZATION_LEVEL = "-Onone";
				TARGETED_DEVICE_FAMILY = "1,2";
			};
			name = Debug;
		};
		7A2D162C1AF9B92D00B400BD /* Release */ = {
			isa = XCBuildConfiguration;
			buildSettings = {
				ALWAYS_SEARCH_USER_PATHS = NO;
				CLANG_CXX_LANGUAGE_STANDARD = "gnu++0x";
				CLANG_CXX_LIBRARY = "libc++";
				CLANG_ENABLE_MODULES = YES;
				CLANG_ENABLE_OBJC_ARC = YES;
				CLANG_WARN_BOOL_CONVERSION = YES;
				CLANG_WARN_CONSTANT_CONVERSION = YES;
				CLANG_WARN_DIRECT_OBJC_ISA_USAGE = YES_ERROR;
				CLANG_WARN_EMPTY_BODY = YES;
				CLANG_WARN_ENUM_CONVERSION = YES;
				CLANG_WARN_INT_CONVERSION = YES;
				CLANG_WARN_OBJC_ROOT_CLASS = YES_ERROR;
				CLANG_WARN_UNREACHABLE_CODE = YES;
				CLANG_WARN__DUPLICATE_METHOD_MATCH = YES;
				"CODE_SIGN_IDENTITY[sdk=iphoneos*]" = "iPhone Developer";
				COPY_PHASE_STRIP = NO;
				DEBUG_INFORMATION_FORMAT = "dwarf-with-dsym";
				ENABLE_NS_ASSERTIONS = NO;
				ENABLE_STRICT_OBJC_MSGSEND = YES;
				GCC_C_LANGUAGE_STANDARD = gnu99;
				GCC_NO_COMMON_BLOCKS = YES;
				GCC_WARN_64_TO_32_BIT_CONVERSION = YES;
				GCC_WARN_ABOUT_RETURN_TYPE = YES_ERROR;
				GCC_WARN_UNDECLARED_SELECTOR = YES;
				GCC_WARN_UNINITIALIZED_AUTOS = YES_AGGRESSIVE;
				GCC_WARN_UNUSED_FUNCTION = YES;
				GCC_WARN_UNUSED_VARIABLE = YES;
				IPHONEOS_DEPLOYMENT_TARGET = 8.3;
				MTL_ENABLE_DEBUG_INFO = NO;
				SDKROOT = iphoneos;
				TARGETED_DEVICE_FAMILY = "1,2";
				VALIDATE_PRODUCT = YES;
			};
			name = Release;
		};
		7A2D162E1AF9B92D00B400BD /* Debug */ = {
			isa = XCBuildConfiguration;
			baseConfigurationReference = 4AA79EBDB109226CA8E930D9 /* Pods.debug.xcconfig */;
			buildSettings = {
				ASSETCATALOG_COMPILER_APPICON_NAME = AppIcon;
				CLANG_ENABLE_MODULES = YES;
				FRAMEWORK_SEARCH_PATHS = (
					"$(inherited)",
					"$(PROJECT_DIR)/build/Debug-iphoneos/Pods",
				);
				INFOPLIST_FILE = "Army of Ones/Info.plist";
				LD_RUNPATH_SEARCH_PATHS = "$(inherited) @executable_path/Frameworks";
				PRODUCT_NAME = "$(TARGET_NAME)";
				SWIFT_OBJC_BRIDGING_HEADER = "Army of Ones/Army of Ones-Bridging-Header.h";
				SWIFT_OPTIMIZATION_LEVEL = "-Onone";
				TARGETED_DEVICE_FAMILY = "1,2";
			};
			name = Debug;
		};
		7A2D162F1AF9B92D00B400BD /* Release */ = {
			isa = XCBuildConfiguration;
			baseConfigurationReference = C15B81D14862D1E509557616 /* Pods.release.xcconfig */;
			buildSettings = {
				ASSETCATALOG_COMPILER_APPICON_NAME = AppIcon;
				CLANG_ENABLE_MODULES = YES;
				FRAMEWORK_SEARCH_PATHS = (
					"$(inherited)",
					"$(PROJECT_DIR)/build/Debug-iphoneos/Pods",
				);
				INFOPLIST_FILE = "Army of Ones/Info.plist";
				LD_RUNPATH_SEARCH_PATHS = "$(inherited) @executable_path/Frameworks";
				PRODUCT_NAME = "$(TARGET_NAME)";
				SWIFT_OBJC_BRIDGING_HEADER = "Army of Ones/Army of Ones-Bridging-Header.h";
				TARGETED_DEVICE_FAMILY = "1,2";
			};
			name = Release;
		};
		7A2D16311AF9B92D00B400BD /* Debug */ = {
			isa = XCBuildConfiguration;
			buildSettings = {
				BUNDLE_LOADER = "$(TEST_HOST)";
				FRAMEWORK_SEARCH_PATHS = (
					"$(SDKROOT)/Developer/Library/Frameworks",
					"$(inherited)",
				);
				GCC_PREPROCESSOR_DEFINITIONS = (
					"DEBUG=1",
					"$(inherited)",
				);
				INFOPLIST_FILE = "Army of OnesTests/Info.plist";
				LD_RUNPATH_SEARCH_PATHS = "$(inherited) @executable_path/Frameworks @loader_path/Frameworks";
				PRODUCT_NAME = "$(TARGET_NAME)";
				TEST_HOST = "$(BUILT_PRODUCTS_DIR)/Army of Ones.app/Army of Ones";
			};
			name = Debug;
		};
		7A2D16321AF9B92D00B400BD /* Release */ = {
			isa = XCBuildConfiguration;
			buildSettings = {
				BUNDLE_LOADER = "$(TEST_HOST)";
				FRAMEWORK_SEARCH_PATHS = (
					"$(SDKROOT)/Developer/Library/Frameworks",
					"$(inherited)",
				);
				INFOPLIST_FILE = "Army of OnesTests/Info.plist";
				LD_RUNPATH_SEARCH_PATHS = "$(inherited) @executable_path/Frameworks @loader_path/Frameworks";
				PRODUCT_NAME = "$(TARGET_NAME)";
				TEST_HOST = "$(BUILT_PRODUCTS_DIR)/Army of Ones.app/Army of Ones";
			};
			name = Release;
		};
/* End XCBuildConfiguration section */

/* Begin XCConfigurationList section */
		7A2D16091AF9B92D00B400BD /* Build configuration list for PBXProject "Army of Ones" */ = {
			isa = XCConfigurationList;
			buildConfigurations = (
				7A2D162B1AF9B92D00B400BD /* Debug */,
				7A2D162C1AF9B92D00B400BD /* Release */,
			);
			defaultConfigurationIsVisible = 0;
			defaultConfigurationName = Release;
		};
		7A2D162D1AF9B92D00B400BD /* Build configuration list for PBXNativeTarget "Army of Ones" */ = {
			isa = XCConfigurationList;
			buildConfigurations = (
				7A2D162E1AF9B92D00B400BD /* Debug */,
				7A2D162F1AF9B92D00B400BD /* Release */,
			);
			defaultConfigurationIsVisible = 0;
			defaultConfigurationName = Release;
		};
		7A2D16301AF9B92D00B400BD /* Build configuration list for PBXNativeTarget "Army of OnesTests" */ = {
			isa = XCConfigurationList;
			buildConfigurations = (
				7A2D16311AF9B92D00B400BD /* Debug */,
				7A2D16321AF9B92D00B400BD /* Release */,
			);
			defaultConfigurationIsVisible = 0;
			defaultConfigurationName = Release;
		};
/* End XCConfigurationList section */
	};
	rootObject = 7A2D16061AF9B92D00B400BD /* Project object */;
}
